
Microsoft Visual Studio Solution File, Format Version 12.00
# Visual Studio Version 16
VisualStudioVersion = 16.0.30114.105
MinimumVisualStudioVersion = 10.0.40219.1
Project("{9A19103F-16F7-4668-BE54-9A1E7A4F7556}") = "Variables", "Variables\Variables.csproj", "{F239BA96-2036-4E89-8DF1-E6694BC7AD93}"
EndProject
Project("{9A19103F-16F7-4668-BE54-9A1E7A4F7556}") = "TipoDatos", "TipoDatos\TipoDatos.csproj", "{B5C865B0-E302-41D6-AAA1-3210615B77B4}"
EndProject
Project("{9A19103F-16F7-4668-BE54-9A1E7A4F7556}") = "Funciones", "Funciones\Funciones.csproj", "{500D0DCF-A920-4487-B111-9E6359389A88}"
EndProject
Project("{9A19103F-16F7-4668-BE54-9A1E7A4F7556}") = "Condicionales", "Condicionales\Condicionales.csproj", "{37DF8BAB-EAFA-4992-859F-486C573AFBF9}"
EndProject
Project("{9A19103F-16F7-4668-BE54-9A1E7A4F7556}") = "Arreglos", "Arreglos\Arreglos.csproj", "{DDBBCA4E-99F3-4F86-B3DA-2E768E301F68}"
EndProject
Project("{9A19103F-16F7-4668-BE54-9A1E7A4F7556}") = "While", "While\While.csproj", "{472DCBE3-AD12-42E1-B03F-41B617F3AAFE}"
EndProject
Project("{9A19103F-16F7-4668-BE54-9A1E7A4F7556}") = "For", "For\For.csproj", "{6063E4B6-0FFD-416A-9486-E30285118EAC}"
EndProject
Project("{9A19103F-16F7-4668-BE54-9A1E7A4F7556}") = "ClasesObjetos", "ClasesObjetos\ClasesObjetos.csproj", "{A29ACE53-CBD7-405F-B072-1655B0983F4A}"
EndProject
Project("{9A19103F-16F7-4668-BE54-9A1E7A4F7556}") = "Propiedades", "Propiedades\Propiedades.csproj", "{22B9560D-2781-4526-B2DA-02B3021B6EB6}"
EndProject
Project("{9A19103F-16F7-4668-BE54-9A1E7A4F7556}") = "Herencia", "Herencia\Herencia.csproj", "{D8D63337-BCD8-4606-AB49-3E02CE771D36}"
EndProject
Project("{9A19103F-16F7-4668-BE54-9A1E7A4F7556}") = "SobreCargar", "SobreCargar\SobreCargar.csproj", "{EE9419AB-E9A8-42CC-8080-18477D4A63DB}"
EndProject
Global
	GlobalSection(SolutionConfigurationPlatforms) = preSolution
		Debug|Any CPU = Debug|Any CPU
		Debug|x64 = Debug|x64
		Debug|x86 = Debug|x86
		Release|Any CPU = Release|Any CPU
		Release|x64 = Release|x64
		Release|x86 = Release|x86
	EndGlobalSection
	GlobalSection(ProjectConfigurationPlatforms) = postSolution
		{F239BA96-2036-4E89-8DF1-E6694BC7AD93}.Debug|Any CPU.ActiveCfg = Debug|Any CPU
		{F239BA96-2036-4E89-8DF1-E6694BC7AD93}.Debug|Any CPU.Build.0 = Debug|Any CPU
		{F239BA96-2036-4E89-8DF1-E6694BC7AD93}.Debug|x64.ActiveCfg = Debug|Any CPU
		{F239BA96-2036-4E89-8DF1-E6694BC7AD93}.Debug|x64.Build.0 = Debug|Any CPU
		{F239BA96-2036-4E89-8DF1-E6694BC7AD93}.Debug|x86.ActiveCfg = Debug|Any CPU
		{F239BA96-2036-4E89-8DF1-E6694BC7AD93}.Debug|x86.Build.0 = Debug|Any CPU
		{F239BA96-2036-4E89-8DF1-E6694BC7AD93}.Release|Any CPU.ActiveCfg = Release|Any CPU
		{F239BA96-2036-4E89-8DF1-E6694BC7AD93}.Release|Any CPU.Build.0 = Release|Any CPU
		{F239BA96-2036-4E89-8DF1-E6694BC7AD93}.Release|x64.ActiveCfg = Release|Any CPU
		{F239BA96-2036-4E89-8DF1-E6694BC7AD93}.Release|x64.Build.0 = Release|Any CPU
		{F239BA96-2036-4E89-8DF1-E6694BC7AD93}.Release|x86.ActiveCfg = Release|Any CPU
		{F239BA96-2036-4E89-8DF1-E6694BC7AD93}.Release|x86.Build.0 = Release|Any CPU
		{B5C865B0-E302-41D6-AAA1-3210615B77B4}.Debug|Any CPU.ActiveCfg = Debug|Any CPU
		{B5C865B0-E302-41D6-AAA1-3210615B77B4}.Debug|Any CPU.Build.0 = Debug|Any CPU
		{B5C865B0-E302-41D6-AAA1-3210615B77B4}.Debug|x64.ActiveCfg = Debug|Any CPU
		{B5C865B0-E302-41D6-AAA1-3210615B77B4}.Debug|x64.Build.0 = Debug|Any CPU
		{B5C865B0-E302-41D6-AAA1-3210615B77B4}.Debug|x86.ActiveCfg = Debug|Any CPU
		{B5C865B0-E302-41D6-AAA1-3210615B77B4}.Debug|x86.Build.0 = Debug|Any CPU
		{B5C865B0-E302-41D6-AAA1-3210615B77B4}.Release|Any CPU.ActiveCfg = Release|Any CPU
		{B5C865B0-E302-41D6-AAA1-3210615B77B4}.Release|Any CPU.Build.0 = Release|Any CPU
		{B5C865B0-E302-41D6-AAA1-3210615B77B4}.Release|x64.ActiveCfg = Release|Any CPU
		{B5C865B0-E302-41D6-AAA1-3210615B77B4}.Release|x64.Build.0 = Release|Any CPU
		{B5C865B0-E302-41D6-AAA1-3210615B77B4}.Release|x86.ActiveCfg = Release|Any CPU
		{B5C865B0-E302-41D6-AAA1-3210615B77B4}.Release|x86.Build.0 = Release|Any CPU
		{500D0DCF-A920-4487-B111-9E6359389A88}.Debug|Any CPU.ActiveCfg = Debug|Any CPU
		{500D0DCF-A920-4487-B111-9E6359389A88}.Debug|Any CPU.Build.0 = Debug|Any CPU
		{500D0DCF-A920-4487-B111-9E6359389A88}.Debug|x64.ActiveCfg = Debug|Any CPU
		{500D0DCF-A920-4487-B111-9E6359389A88}.Debug|x64.Build.0 = Debug|Any CPU
		{500D0DCF-A920-4487-B111-9E6359389A88}.Debug|x86.ActiveCfg = Debug|Any CPU
		{500D0DCF-A920-4487-B111-9E6359389A88}.Debug|x86.Build.0 = Debug|Any CPU
		{500D0DCF-A920-4487-B111-9E6359389A88}.Release|Any CPU.ActiveCfg = Release|Any CPU
		{500D0DCF-A920-4487-B111-9E6359389A88}.Release|Any CPU.Build.0 = Release|Any CPU
		{500D0DCF-A920-4487-B111-9E6359389A88}.Release|x64.ActiveCfg = Release|Any CPU
		{500D0DCF-A920-4487-B111-9E6359389A88}.Release|x64.Build.0 = Release|Any CPU
		{500D0DCF-A920-4487-B111-9E6359389A88}.Release|x86.ActiveCfg = Release|Any CPU
		{500D0DCF-A920-4487-B111-9E6359389A88}.Release|x86.Build.0 = Release|Any CPU
		{37DF8BAB-EAFA-4992-859F-486C573AFBF9}.Debug|Any CPU.ActiveCfg = Debug|Any CPU
		{37DF8BAB-EAFA-4992-859F-486C573AFBF9}.Debug|Any CPU.Build.0 = Debug|Any CPU
		{37DF8BAB-EAFA-4992-859F-486C573AFBF9}.Debug|x64.ActiveCfg = Debug|Any CPU
		{37DF8BAB-EAFA-4992-859F-486C573AFBF9}.Debug|x64.Build.0 = Debug|Any CPU
		{37DF8BAB-EAFA-4992-859F-486C573AFBF9}.Debug|x86.ActiveCfg = Debug|Any CPU
		{37DF8BAB-EAFA-4992-859F-486C573AFBF9}.Debug|x86.Build.0 = Debug|Any CPU
		{37DF8BAB-EAFA-4992-859F-486C573AFBF9}.Release|Any CPU.ActiveCfg = Release|Any CPU
		{37DF8BAB-EAFA-4992-859F-486C573AFBF9}.Release|Any CPU.Build.0 = Release|Any CPU
		{37DF8BAB-EAFA-4992-859F-486C573AFBF9}.Release|x64.ActiveCfg = Release|Any CPU
		{37DF8BAB-EAFA-4992-859F-486C573AFBF9}.Release|x64.Build.0 = Release|Any CPU
		{37DF8BAB-EAFA-4992-859F-486C573AFBF9}.Release|x86.ActiveCfg = Release|Any CPU
		{37DF8BAB-EAFA-4992-859F-486C573AFBF9}.Release|x86.Build.0 = Release|Any CPU
		{DDBBCA4E-99F3-4F86-B3DA-2E768E301F68}.Debug|Any CPU.ActiveCfg = Debug|Any CPU
		{DDBBCA4E-99F3-4F86-B3DA-2E768E301F68}.Debug|Any CPU.Build.0 = Debug|Any CPU
		{DDBBCA4E-99F3-4F86-B3DA-2E768E301F68}.Debug|x64.ActiveCfg = Debug|Any CPU
		{DDBBCA4E-99F3-4F86-B3DA-2E768E301F68}.Debug|x64.Build.0 = Debug|Any CPU
		{DDBBCA4E-99F3-4F86-B3DA-2E768E301F68}.Debug|x86.ActiveCfg = Debug|Any CPU
		{DDBBCA4E-99F3-4F86-B3DA-2E768E301F68}.Debug|x86.Build.0 = Debug|Any CPU
		{DDBBCA4E-99F3-4F86-B3DA-2E768E301F68}.Release|Any CPU.ActiveCfg = Release|Any CPU
		{DDBBCA4E-99F3-4F86-B3DA-2E768E301F68}.Release|Any CPU.Build.0 = Release|Any CPU
		{DDBBCA4E-99F3-4F86-B3DA-2E768E301F68}.Release|x64.ActiveCfg = Release|Any CPU
		{DDBBCA4E-99F3-4F86-B3DA-2E768E301F68}.Release|x64.Build.0 = Release|Any CPU
		{DDBBCA4E-99F3-4F86-B3DA-2E768E301F68}.Release|x86.ActiveCfg = Release|Any CPU
		{DDBBCA4E-99F3-4F86-B3DA-2E768E301F68}.Release|x86.Build.0 = Release|Any CPU
		{472DCBE3-AD12-42E1-B03F-41B617F3AAFE}.Debug|Any CPU.ActiveCfg = Debug|Any CPU
		{472DCBE3-AD12-42E1-B03F-41B617F3AAFE}.Debug|Any CPU.Build.0 = Debug|Any CPU
		{472DCBE3-AD12-42E1-B03F-41B617F3AAFE}.Debug|x64.ActiveCfg = Debug|Any CPU
		{472DCBE3-AD12-42E1-B03F-41B617F3AAFE}.Debug|x64.Build.0 = Debug|Any CPU
		{472DCBE3-AD12-42E1-B03F-41B617F3AAFE}.Debug|x86.ActiveCfg = Debug|Any CPU
		{472DCBE3-AD12-42E1-B03F-41B617F3AAFE}.Debug|x86.Build.0 = Debug|Any CPU
		{472DCBE3-AD12-42E1-B03F-41B617F3AAFE}.Release|Any CPU.ActiveCfg = Release|Any CPU
		{472DCBE3-AD12-42E1-B03F-41B617F3AAFE}.Release|Any CPU.Build.0 = Release|Any CPU
		{472DCBE3-AD12-42E1-B03F-41B617F3AAFE}.Release|x64.ActiveCfg = Release|Any CPU
		{472DCBE3-AD12-42E1-B03F-41B617F3AAFE}.Release|x64.Build.0 = Release|Any CPU
		{472DCBE3-AD12-42E1-B03F-41B617F3AAFE}.Release|x86.ActiveCfg = Release|Any CPU
		{472DCBE3-AD12-42E1-B03F-41B617F3AAFE}.Release|x86.Build.0 = Release|Any CPU
		{6063E4B6-0FFD-416A-9486-E30285118EAC}.Debug|Any CPU.ActiveCfg = Debug|Any CPU
		{6063E4B6-0FFD-416A-9486-E30285118EAC}.Debug|Any CPU.Build.0 = Debug|Any CPU
		{6063E4B6-0FFD-416A-9486-E30285118EAC}.Debug|x64.ActiveCfg = Debug|Any CPU
		{6063E4B6-0FFD-416A-9486-E30285118EAC}.Debug|x64.Build.0 = Debug|Any CPU
		{6063E4B6-0FFD-416A-9486-E30285118EAC}.Debug|x86.ActiveCfg = Debug|Any CPU
		{6063E4B6-0FFD-416A-9486-E30285118EAC}.Debug|x86.Build.0 = Debug|Any CPU
		{6063E4B6-0FFD-416A-9486-E30285118EAC}.Release|Any CPU.ActiveCfg = Release|Any CPU
		{6063E4B6-0FFD-416A-9486-E30285118EAC}.Release|Any CPU.Build.0 = Release|Any CPU
		{6063E4B6-0FFD-416A-9486-E30285118EAC}.Release|x64.ActiveCfg = Release|Any CPU
		{6063E4B6-0FFD-416A-9486-E30285118EAC}.Release|x64.Build.0 = Release|Any CPU
		{6063E4B6-0FFD-416A-9486-E30285118EAC}.Release|x86.ActiveCfg = Release|Any CPU
		{6063E4B6-0FFD-416A-9486-E30285118EAC}.Release|x86.Build.0 = Release|Any CPU
		{A29ACE53-CBD7-405F-B072-1655B0983F4A}.Debug|Any CPU.ActiveCfg = Debug|Any CPU
		{A29ACE53-CBD7-405F-B072-1655B0983F4A}.Debug|Any CPU.Build.0 = Debug|Any CPU
		{A29ACE53-CBD7-405F-B072-1655B0983F4A}.Debug|x64.ActiveCfg = Debug|Any CPU
		{A29ACE53-CBD7-405F-B072-1655B0983F4A}.Debug|x64.Build.0 = Debug|Any CPU
		{A29ACE53-CBD7-405F-B072-1655B0983F4A}.Debug|x86.ActiveCfg = Debug|Any CPU
		{A29ACE53-CBD7-405F-B072-1655B0983F4A}.Debug|x86.Build.0 = Debug|Any CPU
		{A29ACE53-CBD7-405F-B072-1655B0983F4A}.Release|Any CPU.ActiveCfg = Release|Any CPU
		{A29ACE53-CBD7-405F-B072-1655B0983F4A}.Release|Any CPU.Build.0 = Release|Any CPU
		{A29ACE53-CBD7-405F-B072-1655B0983F4A}.Release|x64.ActiveCfg = Release|Any CPU
		{A29ACE53-CBD7-405F-B072-1655B0983F4A}.Release|x64.Build.0 = Release|Any CPU
		{A29ACE53-CBD7-405F-B072-1655B0983F4A}.Release|x86.ActiveCfg = Release|Any CPU
		{A29ACE53-CBD7-405F-B072-1655B0983F4A}.Release|x86.Build.0 = Release|Any CPU
		{22B9560D-2781-4526-B2DA-02B3021B6EB6}.Debug|Any CPU.ActiveCfg = Debug|Any CPU
		{22B9560D-2781-4526-B2DA-02B3021B6EB6}.Debug|Any CPU.Build.0 = Debug|Any CPU
		{22B9560D-2781-4526-B2DA-02B3021B6EB6}.Debug|x64.ActiveCfg = Debug|Any CPU
		{22B9560D-2781-4526-B2DA-02B3021B6EB6}.Debug|x64.Build.0 = Debug|Any CPU
		{22B9560D-2781-4526-B2DA-02B3021B6EB6}.Debug|x86.ActiveCfg = Debug|Any CPU
		{22B9560D-2781-4526-B2DA-02B3021B6EB6}.Debug|x86.Build.0 = Debug|Any CPU
		{22B9560D-2781-4526-B2DA-02B3021B6EB6}.Release|Any CPU.ActiveCfg = Release|Any CPU
		{22B9560D-2781-4526-B2DA-02B3021B6EB6}.Release|Any CPU.Build.0 = Release|Any CPU
		{22B9560D-2781-4526-B2DA-02B3021B6EB6}.Release|x64.ActiveCfg = Release|Any CPU
		{22B9560D-2781-4526-B2DA-02B3021B6EB6}.Release|x64.Build.0 = Release|Any CPU
		{22B9560D-2781-4526-B2DA-02B3021B6EB6}.Release|x86.ActiveCfg = Release|Any CPU
		{22B9560D-2781-4526-B2DA-02B3021B6EB6}.Release|x86.Build.0 = Release|Any CPU
		{D8D63337-BCD8-4606-AB49-3E02CE771D36}.Debug|Any CPU.ActiveCfg = Debug|Any CPU
		{D8D63337-BCD8-4606-AB49-3E02CE771D36}.Debug|Any CPU.Build.0 = Debug|Any CPU
		{D8D63337-BCD8-4606-AB49-3E02CE771D36}.Debug|x64.ActiveCfg = Debug|Any CPU
		{D8D63337-BCD8-4606-AB49-3E02CE771D36}.Debug|x64.Build.0 = Debug|Any CPU
		{D8D63337-BCD8-4606-AB49-3E02CE771D36}.Debug|x86.ActiveCfg = Debug|Any CPU
		{D8D63337-BCD8-4606-AB49-3E02CE771D36}.Debug|x86.Build.0 = Debug|Any CPU
		{D8D63337-BCD8-4606-AB49-3E02CE771D36}.Release|Any CPU.ActiveCfg = Release|Any CPU
		{D8D63337-BCD8-4606-AB49-3E02CE771D36}.Release|Any CPU.Build.0 = Release|Any CPU
		{D8D63337-BCD8-4606-AB49-3E02CE771D36}.Release|x64.ActiveCfg = Release|Any CPU
		{D8D63337-BCD8-4606-AB49-3E02CE771D36}.Release|x64.Build.0 = Release|Any CPU
		{D8D63337-BCD8-4606-AB49-3E02CE771D36}.Release|x86.ActiveCfg = Release|Any CPU
		{D8D63337-BCD8-4606-AB49-3E02CE771D36}.Release|x86.Build.0 = Release|Any CPU
		{EE9419AB-E9A8-42CC-8080-18477D4A63DB}.Debug|Any CPU.ActiveCfg = Debug|Any CPU
		{EE9419AB-E9A8-42CC-8080-18477D4A63DB}.Debug|Any CPU.Build.0 = Debug|Any CPU
		{EE9419AB-E9A8-42CC-8080-18477D4A63DB}.Debug|x64.ActiveCfg = Debug|Any CPU
		{EE9419AB-E9A8-42CC-8080-18477D4A63DB}.Debug|x64.Build.0 = Debug|Any CPU
		{EE9419AB-E9A8-42CC-8080-18477D4A63DB}.Debug|x86.ActiveCfg = Debug|Any CPU
		{EE9419AB-E9A8-42CC-8080-18477D4A63DB}.Debug|x86.Build.0 = Debug|Any CPU
		{EE9419AB-E9A8-42CC-8080-18477D4A63DB}.Release|Any CPU.ActiveCfg = Release|Any CPU
		{EE9419AB-E9A8-42CC-8080-18477D4A63DB}.Release|Any CPU.Build.0 = Release|Any CPU
		{EE9419AB-E9A8-42CC-8080-18477D4A63DB}.Release|x64.ActiveCfg = Release|Any CPU
		{EE9419AB-E9A8-42CC-8080-18477D4A63DB}.Release|x64.Build.0 = Release|Any CPU
		{EE9419AB-E9A8-42CC-8080-18477D4A63DB}.Release|x86.ActiveCfg = Release|Any CPU
		{EE9419AB-E9A8-42CC-8080-18477D4A63DB}.Release|x86.Build.0 = Release|Any CPU
	EndGlobalSection
	GlobalSection(SolutionProperties) = preSolution
		HideSolutionNode = FALSE
	EndGlobalSection
	GlobalSection(ExtensibilityGlobals) = postSolution
		SolutionGuid = {54E45B1B-06CC-4741-BEEF-7E052D16C5F6}
	EndGlobalSection
EndGlobal
